
Microsoft Visual Studio Solution File, Format Version 12.00
# Visual Studio 15
VisualStudioVersion = 15.0.27703.2042
MinimumVisualStudioVersion = 10.0.40219.1
Project("{FAE04EC0-301F-11D3-BF4B-00C04F79EFBC}") = "WrathAndGloryCharacterCreator", "WrathAndGloryCharacterCreator\WrathAndGloryCharacterCreator.csproj", "{DB65CB23-71FF-40B7-A96F-92A0CA840277}"
EndProject
Global
	GlobalSection(SolutionConfigurationPlatforms) = preSolution
		Debug|Any CPU = Debug|Any CPU
		Release|Any CPU = Release|Any CPU
	EndGlobalSection
	GlobalSection(ProjectConfigurationPlatforms) = postSolution
		{DB65CB23-71FF-40B7-A96F-92A0CA840277}.Debug|Any CPU.ActiveCfg = Debug|Any CPU
		{DB65CB23-71FF-40B7-A96F-92A0CA840277}.Debug|Any CPU.Build.0 = Debug|Any CPU
		{DB65CB23-71FF-40B7-A96F-92A0CA840277}.Release|Any CPU.ActiveCfg = Release|Any CPU
		{DB65CB23-71FF-40B7-A96F-92A0CA840277}.Release|Any CPU.Build.0 = Release|Any CPU
	EndGlobalSection
	GlobalSection(SolutionProperties) = preSolution
		HideSolutionNode = FALSE
	EndGlobalSection
	GlobalSection(ExtensibilityGlobals) = postSolution
		SolutionGuid = {8226D145-BB56-4842-B57A-71C6BD41019C}
	EndGlobalSection
EndGlobal
